<?xml version="1.0" encoding="utf-8"?>
<Project ToolsVersion="4.0" xmlns="http://schemas.microsoft.com/developer/msbuild/2003">
  <ItemGroup>
    <Filter Include="Source Files">
      <UniqueIdentifier>{4FC737F1-C7A5-4376-A066-2A32D752A2FF}</UniqueIdentifier>
      <Extensions>cpp;c;cc;cxx;c++;def;odl;idl;hpj;bat;asm;asmx</Extensions>
    </Filter>
    <Filter Include="Header Files">
      <UniqueIdentifier>{93995380-89BD-4b04-88EB-625FBE52EBFB}</UniqueIdentifier>
      <Extensions>h;hh;hpp;hxx;h++;hm;inl;inc;ipp;xsd</Extensions>
    </Filter>
    <Filter Include="Resource Files">
      <UniqueIdentifier>{67DA6AB6-F800-4c08-8B7A-83BB121AAD01}</UniqueIdentifier>
      <Extensions>rc;ico;cur;bmp;dlg;rc2;rct;bin;rgs;gif;jpg;jpeg;jpe;resx;tiff;tif;png;wav;mfcribbon-ms</Extensions>
    </Filter>
  </ItemGroup>
  <ItemGroup>
    <ClCompile Include="Main.cpp">
      <Filter>Source Files</Filter>
    </ClCompile>
    <ClCompile Include="WinApiWrappers.cpp">
      <Filter>Source Files</Filter>
    </ClCompile>
    <ClCompile Include="WindowContext.cpp">
      <Filter>Source Files</Filter>
    </ClCompile>
    <ClCompile Include="ImportReplacer.cpp">
      <Filter>Source Files</Filter>
    </ClCompile>
    <ClCompile Include="MemoryUnlocker.cpp">
      <Filter>Source Files</Filter>
    </ClCompile>
    <ClCompile Include="WindowClassContext.cpp">
      <Filter>Source Files</Filter>
    </ClCompile>
    <ClCompile Include="StringUtil.cpp">
      <Filter>Source Files</Filter>
    </ClCompile>
    <ClCompile Include="Region.cpp">
      <Filter>Source Files</Filter>
    </ClCompile>
    <ClCompile Include="CUpscaler.cpp">
      <Filter>Source Files</Filter>
    </ClCompile>
    <ClCompile Include="WinApiWrappers_AllGDI.cpp">
      <Filter>Source Files</Filter>
    </ClCompile>
    <ClCompile Include="EnumerateModules.cpp">
      <Filter>Source Files</Filter>
    </ClCompile>
    <ClCompile Include="RegistryWrappers.cpp">
      <Filter>Source Files</Filter>
    </ClCompile>
    <ClCompile Include="D3D9Override.cpp">
      <Filter>Source Files</Filter>
    </ClCompile>
    <ClCompile Include="D3D9Override_ObjectStore.cpp">
      <Filter>Source Files</Filter>
    </ClCompile>
    <ClCompile Include="D3D9Override_VTableStore.cpp">
      <Filter>Source Files</Filter>
    </ClCompile>
    <ClCompile Include="D3D9Override_D3D9Context.cpp">
      <Filter>Source Files</Filter>
    </ClCompile>
    <ClCompile Include="D3D9Override_D3D9DeviceContext.cpp">
      <Filter>Source Files</Filter>
    </ClCompile>
    <ClCompile Include="D3D9Override_D3D9SwapChainContext.cpp">
      <Filter>Source Files</Filter>
    </ClCompile>
    <ClCompile Include="D3D9Context_Old.cpp">
      <Filter>Source Files</Filter>
    </ClCompile>
    <ClCompile Include="Initguid.cpp">
      <Filter>Source Files</Filter>
    </ClCompile>
    <ClCompile Include="Win32Ex.cpp">
      <Filter>Source Files</Filter>
    </ClCompile>
    <ClCompile Include="DDrawOverride.cpp">
      <Filter>Source Files</Filter>
    </ClCompile>
    <ClCompile Include="CDirectDrawWrapper.cpp">
      <Filter>Source Files</Filter>
    </ClCompile>
    <ClCompile Include="CDirectDrawSurfaceWrapper.cpp">
      <Filter>Source Files</Filter>
    </ClCompile>
    <ClCompile Include="Logging.cpp">
      <Filter>Source Files</Filter>
    </ClCompile>
    <ClCompile Include="D3D9Override_SurfaceContext.cpp">
      <Filter>Source Files</Filter>
    </ClCompile>
  </ItemGroup>
  <ItemGroup>
    <ClInclude Include="WinApiWrappers.h">
      <Filter>Header Files</Filter>
    </ClInclude>
    <ClInclude Include="WindowContext.h">
      <Filter>Header Files</Filter>
    </ClInclude>
    <ClInclude Include="TinyMap.h">
      <Filter>Header Files</Filter>
    </ClInclude>
    <ClInclude Include="ImportReplacer.h">
      <Filter>Header Files</Filter>
    </ClInclude>
    <ClInclude Include="MemoryUnlocker.h">
      <Filter>Header Files</Filter>
    </ClInclude>
    <ClInclude Include="WindowClassContext.h">
      <Filter>Header Files</Filter>
    </ClInclude>
    <ClInclude Include="StringUtil.h">
      <Filter>Header Files</Filter>
    </ClInclude>
    <ClInclude Include="Region.h">
      <Filter>Header Files</Filter>
    </ClInclude>
    <ClInclude Include="CUpscaler.h">
      <Filter>Header Files</Filter>
    </ClInclude>
    <ClInclude Include="CUpscalerImpl.h">
      <Filter>Header Files</Filter>
    </ClInclude>
    <ClInclude Include="shaderPrograms.h">
      <Filter>Header Files</Filter>
    </ClInclude>
    <ClInclude Include="shaderPrograms2.h">
      <Filter>Header Files</Filter>
    </ClInclude>
    <ClInclude Include="WinApiWrappers_AllGDI.h">
      <Filter>Header Files</Filter>
    </ClInclude>
    <ClInclude Include="RectUtil.h">
      <Filter>Header Files</Filter>
    </ClInclude>
    <ClInclude Include="resource.h">
      <Filter>Header Files</Filter>
    </ClInclude>
    <ClInclude Include="RegistryWrappers.h">
      <Filter>Header Files</Filter>
    </ClInclude>
    <ClInclude Include="D3D9VTable.h">
      <Filter>Header Files</Filter>
    </ClInclude>
    <ClInclude Include="D3D9Override.h">
      <Filter>Header Files</Filter>
    </ClInclude>
    <ClInclude Include="D3D9Context_Old.h">
      <Filter>Header Files</Filter>
    </ClInclude>
    <ClInclude Include="Win32Ex.h">
      <Filter>Header Files</Filter>
    </ClInclude>
    <ClInclude Include="CDirectDrawWrapper.h">
      <Filter>Header Files</Filter>
    </ClInclude>
    <ClInclude Include="CDirectDrawSurfaceWrapper.h">
      <Filter>Header Files</Filter>
    </ClInclude>
    <ClInclude Include="DDrawOverride.h">
      <Filter>Source Files</Filter>
    </ClInclude>
  </ItemGroup>
  <ItemGroup>
    <ResourceCompile Include="Stretcher.rc">
      <Filter>Resource Files</Filter>
    </ResourceCompile>
  </ItemGroup>
</Project>